
Microsoft Visual Studio Solution File, Format Version 12.00
# Visual Studio Version 17
VisualStudioVersion = 17.14.36518.9 d17.14
MinimumVisualStudioVersion = 10.0.40219.1
Project("{FAE04EC0-301F-11D3-BF4B-00C04F79EFBC}") = "Biblioteca", "Biblioteca\Biblioteca.csproj", "{42D130A0-E922-4A02-AF13-819668F1B21A}"
EndProject
Global
	GlobalSection(SolutionConfigurationPlatforms) = preSolution
		Debug|Any CPU = Debug|Any CPU
		Release|Any CPU = Release|Any CPU
	EndGlobalSection
	GlobalSection(ProjectConfigurationPlatforms) = postSolution
		{42D130A0-E922-4A02-AF13-819668F1B21A}.Debug|Any CPU.ActiveCfg = Debug|Any CPU
		{42D130A0-E922-4A02-AF13-819668F1B21A}.Debug|Any CPU.Build.0 = Debug|Any CPU
		{42D130A0-E922-4A02-AF13-819668F1B21A}.Release|Any CPU.ActiveCfg = Release|Any CPU
		{42D130A0-E922-4A02-AF13-819668F1B21A}.Release|Any CPU.Build.0 = Release|Any CPU
	EndGlobalSection
	GlobalSection(SolutionProperties) = preSolution
		HideSolutionNode = FALSE
	EndGlobalSection
	GlobalSection(ExtensibilityGlobals) = postSolution
		SolutionGuid = {6EDD94D7-0D72-42A3-8185-9771184C4AA7}
	EndGlobalSection
EndGlobal
